
Microsoft Visual Studio Solution File, Format Version 12.00
# Visual Studio Version 17
VisualStudioVersion = 17.3.32825.248
MinimumVisualStudioVersion = 10.0.40219.1
Project("{FAE04EC0-301F-11D3-BF4B-00C04F79EFBC}") = "OnlineShopIdentity", "OnlineShopIdentity\OnlineShopIdentity.csproj", "{66D752C0-55CB-4EFA-A274-2699149DC616}"
EndProject
Global
	GlobalSection(SolutionConfigurationPlatforms) = preSolution
		Debug|Any CPU = Debug|Any CPU
		Release|Any CPU = Release|Any CPU
	EndGlobalSection
	GlobalSection(ProjectConfigurationPlatforms) = postSolution
		{66D752C0-55CB-4EFA-A274-2699149DC616}.Debug|Any CPU.ActiveCfg = Debug|Any CPU
		{66D752C0-55CB-4EFA-A274-2699149DC616}.Debug|Any CPU.Build.0 = Debug|Any CPU
		{66D752C0-55CB-4EFA-A274-2699149DC616}.Release|Any CPU.ActiveCfg = Release|Any CPU
		{66D752C0-55CB-4EFA-A274-2699149DC616}.Release|Any CPU.Build.0 = Release|Any CPU
	EndGlobalSection
	GlobalSection(SolutionProperties) = preSolution
		HideSolutionNode = FALSE
	EndGlobalSection
	GlobalSection(ExtensibilityGlobals) = postSolution
		SolutionGuid = {1F2DC260-2AEF-4FCD-B7BA-DC9696966940}
	EndGlobalSection
EndGlobal
